{
  "name": "pi-herdr-pane-naming",
  "version": "0.2.0",
  "lockfileVersion": 3,
  "requires": true,
  "packages": {
    "": {
      "name": "pi-herdr-pane-naming",
      "version": "0.2.0",
      "dependencies": {
        "pi-typesafe": "^0.9.1"
      },
      "engines": {
        "node": ">=22.19.0"
      },
      "peerDependencies": {
        "@earendil-works/pi-coding-agent": "*"
      },
      "peerDependenciesMeta": {
        "@earendil-works/pi-coding-agent": {
          "optional": true
        }
      }
    },
    "node_modules/@typesafe-ai/sdk": {
      "version": "0.6.0",
      "resolved": "https://registry.npmjs.org/@typesafe-ai/sdk/-/sdk-0.6.0.tgz",
      "integrity": "sha512-IddX+Q0XM+VagOUZFeP7wZjaO4SHMdvnh2zEBdrZZnXedWI3BNK1lKhMx3ayrkFWvVLbVcUHJy6AVZlY+e6Jaw==",
      "license": "MIT",
      "engines": {
        "node": ">=20"
      }
    },
    "node_modules/pi-typesafe": {
      "version": "0.9.1",
      "resolved": "https://registry.npmjs.org/pi-typesafe/-/pi-typesafe-0.9.1.tgz",
      "integrity": "sha512-3DSxuW0YnEawMSZS/piaTzmBnERexvMWgBd7aS0DR9k9yjla3fvo1h890tJ0+kQ8T8g2aEwQVj8d4gvDDrG/eg==",
      "license": "MIT",
      "dependencies": {
        "@typesafe-ai/sdk": "^0.6.0"
      },
      "engines": {
        "node": ">=22.19.0"
      },
      "funding": {
        "url": "https://github.com/sponsors/DevMortimer"
      },
      "peerDependencies": {
        "@earendil-works/pi-coding-agent": ">=0.85.1 <1",
        "@earendil-works/pi-tui": ">=0.85.1 <1",
        "typebox": "*"
      },
      "peerDependenciesMeta": {
        "@earendil-works/pi-coding-agent": {
          "optional": true
        },
        "@earendil-works/pi-tui": {
          "optional": true
        }
      }
    },
    "node_modules/typebox": {
      "version": "1.3.36",
      "resolved": "https://registry.npmjs.org/typebox/-/typebox-1.3.36.tgz",
      "integrity": "sha512-bu2Ec2Ti9B4IFSFj1FcZbtLNB/W7igQwxocMGJLAG2NTv1nI+ImtIA34YgHW4CVyGVlJqNXR1GJyLmdWgV3DuA==",
      "license": "MIT",
      "peer": true
    }
  }
}
